
Microsoft Visual Studio Solution File, Format Version 12.00
# Visual Studio Version 17
VisualStudioVersion = 17.14.37301.10 d17.14
MinimumVisualStudioVersion = 10.0.40219.1
Project("{FAE04EC0-301F-11D3-BF4B-00C04F79EFBC}") = "HR_Reference_System", "HR_Reference_System\HR_Reference_System.csproj", "{DDE301D8-5123-45B5-9E97-7ED89C6E71EF}"
EndProject
Global
	GlobalSection(SolutionConfigurationPlatforms) = preSolution
		Debug|Any CPU = Debug|Any CPU
		Release|Any CPU = Release|Any CPU
	EndGlobalSection
	GlobalSection(ProjectConfigurationPlatforms) = postSolution
		{DDE301D8-5123-45B5-9E97-7ED89C6E71EF}.Debug|Any CPU.ActiveCfg = Debug|Any CPU
		{DDE301D8-5123-45B5-9E97-7ED89C6E71EF}.Debug|Any CPU.Build.0 = Debug|Any CPU
		{DDE301D8-5123-45B5-9E97-7ED89C6E71EF}.Release|Any CPU.ActiveCfg = Release|Any CPU
		{DDE301D8-5123-45B5-9E97-7ED89C6E71EF}.Release|Any CPU.Build.0 = Release|Any CPU
	EndGlobalSection
	GlobalSection(SolutionProperties) = preSolution
		HideSolutionNode = FALSE
	EndGlobalSection
	GlobalSection(ExtensibilityGlobals) = postSolution
		SolutionGuid = {E9F58DB5-B627-4E90-98FE-01C57877073E}
	EndGlobalSection
EndGlobal
